// !$*UTF8*$!
{
	archiveVersion = 1;
	classes = {
	};
	objectVersion = 55;
	objects = {

/* Begin PBXBuildFile section */
		EC2CCD5B27C9921400E559DE /* AppDelegate.swift in Sources */ = {isa = PBXBuildFile; fileRef = EC2CCD5A27C9921400E559DE /* AppDelegate.swift */; };
		EC2CCD5D27C9921400E559DE /* SceneDelegate.swift in Sources */ = {isa = PBXBuildFile; fileRef = EC2CCD5C27C9921400E559DE /* SceneDelegate.swift */; };
		EC2CCD5F27C9921400E559DE /* ViewController.swift in Sources */ = {isa = PBXBuildFile; fileRef = EC2CCD5E27C9921400E559DE /* ViewController.swift */; };
		EC2CCD6227C9921400E559DE /* Main.storyboard in Resources */ = {isa = PBXBuildFile; fileRef = EC2CCD6027C9921400E559DE /* Main.storyboard */; };
		EC2CCD6527C9921400E559DE /* AlisverisListesi.xcdatamodeld in Sources */ = {isa = PBXBuildFile; fileRef = EC2CCD6327C9921400E559DE /* AlisverisListesi.xcdatamodeld */; };
		EC2CCD6727C9921600E559DE /* Assets.xcassets in Resources */ = {isa = PBXBuildFile; fileRef = EC2CCD6627C9921600E559DE /* Assets.xcassets */; };
		EC2CCD6A27C9921600E559DE /* LaunchScreen.storyboard in Resources */ = {isa = PBXBuildFile; fileRef = EC2CCD6827C9921600E559DE /* LaunchScreen.storyboard */; };
		EC591C0C27CA5CB00019D8E5 /* DetailsViewController.swift in Sources */ = {isa = PBXBuildFile; fileRef = EC591C0B27CA5CB00019D8E5 /* DetailsViewController.swift */; };
/* End PBXBuildFile section */

/* Begin PBXFileReference section */
		EC2CCD5727C9921400E559DE /* AlisverisListesi.app */ = {isa = PBXFileReference; explicitFileType = wrapper.application; includeInIndex = 0; path = AlisverisListesi.app; sourceTree = BUILT_PRODUCTS_DIR; };
		EC2CCD5A27C9921400E559DE /* AppDelegate.swift */ = {isa = PBXFileReference; lastKnownFileType = sourcecode.swift; path = AppDelegate.swift; sourceTree = "<group>"; };
		EC2CCD5C27C9921400E559DE /* SceneDelegate.swift */ = {isa = PBXFileReference; lastKnownFileType = sourcecode.swift; path = SceneDelegate.swift; sourceTree = "<group>"; };
		EC2CCD5E27C9921400E559DE /* ViewController.swift */ = {isa = PBXFileReference; lastKnownFileType = sourcecode.swift; path = ViewController.swift; sourceTree = "<group>"; };
		EC2CCD6127C9921400E559DE /* Base */ = {isa = PBXFileReference; lastKnownFileType = file.storyboard; name = Base; path = Base.lproj/Main.storyboard; sourceTree = "<group>"; };
		EC2CCD6427C9921400E559DE /* AlisverisListesi.xcdatamodel */ = {isa = PBXFileReference; lastKnownFileType = wrapper.xcdatamodel; path = AlisverisListesi.xcdatamodel; sourceTree = "<group>"; };
		EC2CCD6627C9921600E559DE /* Assets.xcassets */ = {isa = PBXFileReference; lastKnownFileType = folder.assetcatalog; path = Assets.xcassets; sourceTree = "<group>"; };
		EC2CCD6927C9921600E559DE /* Base */ = {isa = PBXFileReference; lastKnownFileType = file.storyboard; name = Base; path = Base.lproj/LaunchScreen.storyboard; sourceTree = "<group>"; };
		EC2CCD6B27C9921600E559DE /* Info.plist */ = {isa = PBXFileReference; lastKnownFileType = text.plist.xml; path = Info.plist; sourceTree = "<group>"; };
		EC591C0B27CA5CB00019D8E5 /* DetailsViewController.swift */ = {isa = PBXFileReference; lastKnownFileType = sourcecode.swift; path = DetailsViewController.swift; sourceTree = "<group>"; };
/* End PBXFileReference section */

/* Begin PBXFrameworksBuildPhase section */
		EC2CCD5427C9921400E559DE /* Frameworks */ = {
			isa = PBXFrameworksBuildPhase;
			buildActionMask = 2147483647;
			files = (
			);
			runOnlyForDeploymentPostprocessing = 0;
		};
/* End PBXFrameworksBuildPhase section */

/* Begin PBXGroup section */
		EC2CCD4E27C9921400E559DE = {
			isa = PBXGroup;
			children = (
				EC2CCD5927C9921400E559DE /* AlisverisListesi */,
				EC2CCD5827C9921400E559DE /* Products */,
			);
			sourceTree = "<group>";
		};
		EC2CCD5827C9921400E559DE /* Products */ = {
			isa = PBXGroup;
			children = (
				EC2CCD5727C9921400E559DE /* AlisverisListesi.app */,
			);
			name = Products;
			sourceTree = "<group>";
		};
		EC2CCD5927C9921400E559DE /* AlisverisListesi */ = {
			isa = PBXGroup;
			children = (
				EC2CCD5A27C9921400E559DE /* AppDelegate.swift */,
				EC2CCD5C27C9921400E559DE /* SceneDelegate.swift */,
				EC2CCD5E27C9921400E559DE /* ViewController.swift */,
				EC591C0B27CA5CB00019D8E5 /* DetailsViewController.swift */,
				EC2CCD6027C9921400E559DE /* Main.storyboard */,
				EC2CCD6627C9921600E559DE /* Assets.xcassets */,
				EC2CCD6827C9921600E559DE /* LaunchScreen.storyboard */,
				EC2CCD6B27C9921600E559DE /* Info.plist */,
				EC2CCD6327C9921400E559DE /* AlisverisListesi.xcdatamodeld */,
			);
			path = AlisverisListesi;
			sourceTree = "<group>";
		};
/* End PBXGroup section */

/* Begin PBXNativeTarget section */
		EC2CCD5627C9921400E559DE /* AlisverisListesi */ = {
			isa = PBXNativeTarget;
			buildConfigurationList = EC2CCD6E27C9921600E559DE /* Build configuration list for PBXNativeTarget "AlisverisListesi" */;
			buildPhases = (
				EC2CCD5327C9921400E559DE /* Sources */,
				EC2CCD5427C9921400E559DE /* Frameworks */,
				EC2CCD5527C9921400E559DE /* Resources */,
			);
			buildRules = (
			);
			dependencies = (
			);
			name = AlisverisListesi;
			productName = AlisverisListesi;
			productReference = EC2CCD5727C9921400E559DE /* AlisverisListesi.app */;
			productType = "com.apple.product-type.application";
		};
/* End PBXNativeTarget section */

/* Begin PBXProject section */
		EC2CCD4F27C9921400E559DE /* Project object */ = {
			isa = PBXProject;
			attributes = {
				BuildIndependentTargetsInParallel = 1;
				LastSwiftUpdateCheck = 1320;
				LastUpgradeCheck = 1320;
				TargetAttributes = {
					EC2CCD5627C9921400E559DE = {
						CreatedOnToolsVersion = 13.2.1;
					};
				};
			};
			buildConfigurationList = EC2CCD5227C9921400E559DE /* Build configuration list for PBXProject "AlisverisListesi" */;
			compatibilityVersion = "Xcode 13.0";
			developmentRegion = en;
			hasScannedForEncodings = 0;
			knownRegions = (
				en,
				Base,
			);
			mainGroup = EC2CCD4E27C9921400E559DE;
			productRefGroup = EC2CCD5827C9921400E559DE /* Products */;
			projectDirPath = "";
			projectRoot = "";
			targets = (
				EC2CCD5627C9921400E559DE /* AlisverisListesi */,
			);
		};
/* End PBXProject section */

/* Begin PBXResourcesBuildPhase section */
		EC2CCD5527C9921400E559DE /* Resources */ = {
			isa = PBXResourcesBuildPhase;
			buildActionMask = 2147483647;
			files = (
				EC2CCD6A27C9921600E559DE /* LaunchScreen.storyboard in Resources */,
				EC2CCD6727C9921600E559DE /* Assets.xcassets in Resources */,
				EC2CCD6227C9921400E559DE /* Main.storyboard in Resources */,
			);
			runOnlyForDeploymentPostprocessing = 0;
		};
/* End PBXResourcesBuildPhase section */

/* Begin PBXSourcesBuildPhase section */
		EC2CCD5327C9921400E559DE /* Sources */ = {
			isa = PBXSourcesBuildPhase;
			buildActionMask = 2147483647;
			files = (
				EC2CCD6527C9921400E559DE /* AlisverisListesi.xcdatamodeld in Sources */,
				EC2CCD5F27C9921400E559DE /* ViewController.swift in Sources */,
				EC2CCD5B27C9921400E559DE /* AppDelegate.swift in Sources */,
				EC2CCD5D27C9921400E559DE /* SceneDelegate.swift in Sources */,
				EC591C0C27CA5CB00019D8E5 /* DetailsViewController.swift in Sources */,
			);
			runOnlyForDeploymentPostprocessing = 0;
		};
/* End PBXSourcesBuildPhase section */

/* Begin PBXVariantGroup section */
		EC2CCD6027C9921400E559DE /* Main.storyboard */ = {
			isa = PBXVariantGroup;
			children = (
				EC2CCD6127C9921400E559DE /* Base */,
			);
			name = Main.storyboard;
			sourceTree = "<group>";
		};
		EC2CCD6827C9921600E559DE /* LaunchScreen.storyboard */ = {
			isa = PBXVariantGroup;
			children = (
				EC2CCD6927C9921600E559DE /* Base */,
			);
			name = LaunchScreen.storyboard;
			sourceTree = "<group>";
		};
/* End PBXVariantGroup section */

/* Begin XCBuildConfiguration section */
		EC2CCD6C27C9921600E559DE /* Debug */ = {
			isa = XCBuildConfiguration;
			buildSettings = {
				ALWAYS_SEARCH_USER_PATHS = NO;
				CLANG_ANALYZER_NONNULL = YES;
				CLANG_ANALYZER_NUMBER_OBJECT_CONVERSION = YES_AGGRESSIVE;
				CLANG_CXX_LANGUAGE_STANDARD = "gnu++17";
				CLANG_CXX_LIBRARY = "libc++";
				CLANG_ENABLE_MODULES = YES;
				CLANG_ENABLE_OBJC_ARC = YES;
				CLANG_ENABLE_OBJC_WEAK = YES;
				CLANG_WARN_BLOCK_CAPTURE_AUTORELEASING = YES;
				CLANG_WARN_BOOL_CONVERSION = YES;
				CLANG_WARN_COMMA = YES;
				CLANG_WARN_CONSTANT_CONVERSION = YES;
				CLANG_WARN_DEPRECATED_OBJC_IMPLEMENTATIONS = YES;
				CLANG_WARN_DIRECT_OBJC_ISA_USAGE = YES_ERROR;
				CLANG_WARN_DOCUMENTATION_COMMENTS = YES;
				CLANG_WARN_EMPTY_BODY = YES;
				CLANG_WARN_ENUM_CONVERSION = YES;
				CLANG_WARN_INFINITE_RECURSION = YES;
				CLANG_WARN_INT_CONVERSION = YES;
				CLANG_WARN_NON_LITERAL_NULL_CONVERSION = YES;
				CLANG_WARN_OBJC_IMPLICIT_RETAIN_SELF = YES;
				CLANG_WARN_OBJC_LITERAL_CONVERSION = YES;
				CLANG_WARN_OBJC_ROOT_CLASS = YES_ERROR;
				CLANG_WARN_QUOTED_INCLUDE_IN_FRAMEWORK_HEADER = YES;
				CLANG_WARN_RANGE_LOOP_ANALYSIS = YES;
				CLANG_WARN_STRICT_PROTOTYPES = YES;
				CLANG_WARN_SUSPICIOUS_MOVE = YES;
				CLANG_WARN_UNGUARDED_AVAILABILITY = YES_AGGRESSIVE;
				CLANG_WARN_UNREACHABLE_CODE = YES;
				CLANG_WARN__DUPLICATE_METHOD_MATCH = YES;
				COPY_PHASE_STRIP = NO;
				DEBUG_INFORMATION_FORMAT = dwarf;
				ENABLE_STRICT_OBJC_MSGSEND = YES;
				ENABLE_TESTABILITY = YES;
				GCC_C_LANGUAGE_STANDARD = gnu11;
				GCC_DYNAMIC_NO_PIC = NO;
				GCC_NO_COMMON_BLOCKS = YES;
				GCC_OPTIMIZATION_LEVEL = 0;
				GCC_PREPROCESSOR_DEFINITIONS = (
					"DEBUG=1",
					"$(inherited)",
				);
				GCC_WARN_64_TO_32_BIT_CONVERSION = YES;
				GCC_WARN_ABOUT_RETURN_TYPE = YES_ERROR;
				GCC_WARN_UNDECLARED_SELECTOR = YES;
				GCC_WARN_UNINITIALIZED_AUTOS = YES_AGGRESSIVE;
				GCC_WARN_UNUSED_FUNCTION = YES;
				GCC_WARN_UNUSED_VARIABLE = YES;
				IPHONEOS_DEPLOYMENT_TARGET = 15.2;
				MTL_ENABLE_DEBUG_INFO = INCLUDE_SOURCE;
				MTL_FAST_MATH = YES;
				ONLY_ACTIVE_ARCH = YES;
				SDKROOT = iphoneos;
				SWIFT_ACTIVE_COMPILATION_CONDITIONS = DEBUG;
				SWIFT_OPTIMIZATION_LEVEL = "-Onone";
			};
			name = Debug;
		};
		EC2CCD6D27C9921600E559DE /* Release */ = {
			isa = XCBuildConfiguration;
			buildSettings = {
				ALWAYS_SEARCH_USER_PATHS = NO;
				CLANG_ANALYZER_NONNULL = YES;
				CLANG_ANALYZER_NUMBER_OBJECT_CONVERSION = YES_AGGRESSIVE;
				CLANG_CXX_LANGUAGE_STANDARD = "gnu++17";
				CLANG_CXX_LIBRARY = "libc++";
				CLANG_ENABLE_MODULES = YES;
				CLANG_ENABLE_OBJC_ARC = YES;
				CLANG_ENABLE_OBJC_WEAK = YES;
				CLANG_WARN_BLOCK_CAPTURE_AUTORELEASING = YES;
				CLANG_WARN_BOOL_CONVERSION = YES;
				CLANG_WARN_COMMA = YES;
				CLANG_WARN_CONSTANT_CONVERSION = YES;
				CLANG_WARN_DEPRECATED_OBJC_IMPLEMENTATIONS = YES;
				CLANG_WARN_DIRECT_OBJC_ISA_USAGE = YES_ERROR;
				CLANG_WARN_DOCUMENTATION_COMMENTS = YES;
				CLANG_WARN_EMPTY_BODY = YES;
				CLANG_WARN_ENUM_CONVERSION = YES;
				CLANG_WARN_INFINITE_RECURSION = YES;
				CLANG_WARN_INT_CONVERSION = YES;
				CLANG_WARN_NON_LITERAL_NULL_CONVERSION = YES;
				CLANG_WARN_OBJC_IMPLICIT_RETAIN_SELF = YES;
				CLANG_WARN_OBJC_LITERAL_CONVERSION = YES;
				CLANG_WARN_OBJC_ROOT_CLASS = YES_ERROR;
				CLANG_WARN_QUOTED_INCLUDE_IN_FRAMEWORK_HEADER = YES;
				CLANG_WARN_RANGE_LOOP_ANALYSIS = YES;
				CLANG_WARN_STRICT_PROTOTYPES = YES;
				CLANG_WARN_SUSPICIOUS_MOVE = YES;
				CLANG_WARN_UNGUARDED_AVAILABILITY = YES_AGGRESSIVE;
				CLANG_WARN_UNREACHABLE_CODE = YES;
				CLANG_WARN__DUPLICATE_METHOD_MATCH = YES;
				COPY_PHASE_STRIP = NO;
				DEBUG_INFORMATION_FORMAT = "dwarf-with-dsym";
				ENABLE_NS_ASSERTIONS = NO;
				ENABLE_STRICT_OBJC_MSGSEND = YES;
				GCC_C_LANGUAGE_STANDARD = gnu11;
				GCC_NO_COMMON_BLOCKS = YES;
				GCC_WARN_64_TO_32_BIT_CONVERSION = YES;
				GCC_WARN_ABOUT_RETURN_TYPE = YES_ERROR;
				GCC_WARN_UNDECLARED_SELECTOR = YES;
				GCC_WARN_UNINITIALIZED_AUTOS = YES_AGGRESSIVE;
				GCC_WARN_UNUSED_FUNCTION = YES;
				GCC_WARN_UNUSED_VARIABLE = YES;
				IPHONEOS_DEPLOYMENT_TARGET = 15.2;
				MTL_ENABLE_DEBUG_INFO = NO;
				MTL_FAST_MATH = YES;
				SDKROOT = iphoneos;
				SWIFT_COMPILATION_MODE = wholemodule;
				SWIFT_OPTIMIZATION_LEVEL = "-O";
				VALIDATE_PRODUCT = YES;
			};
			name = Release;
		};
		EC2CCD6F27C9921600E559DE /* Debug */ = {
			isa = XCBuildConfiguration;
			buildSettings = {
				ASSETCATALOG_COMPILER_APPICON_NAME = AppIcon;
				ASSETCATALOG_COMPILER_GLOBAL_ACCENT_COLOR_NAME = AccentColor;
				CODE_SIGN_STYLE = Automatic;
				CURRENT_PROJECT_VERSION = 1;
				DEVELOPMENT_TEAM = 3KRQW7JR73;
				GENERATE_INFOPLIST_FILE = YES;
				INFOPLIST_FILE = AlisverisListesi/Info.plist;
				INFOPLIST_KEY_UIApplicationSupportsIndirectInputEvents = YES;
				INFOPLIST_KEY_UILaunchStoryboardName = LaunchScreen;
				INFOPLIST_KEY_UIMainStoryboardFile = Main;
				INFOPLIST_KEY_UISupportedInterfaceOrientations_iPad = "UIInterfaceOrientationPortrait UIInterfaceOrientationPortraitUpsideDown UIInterfaceOrientationLandscapeLeft UIInterfaceOrientationLandscapeRight";
				INFOPLIST_KEY_UISupportedInterfaceOrientations_iPhone = "UIInterfaceOrientationPortrait UIInterfaceOrientationLandscapeLeft UIInterfaceOrientationLandscapeRight";
				LD_RUNPATH_SEARCH_PATHS = (
					"$(inherited)",
					"@executable_path/Frameworks",
				);
				MARKETING_VERSION = 1.0;
				PRODUCT_BUNDLE_IDENTIFIER = enes.AlisverisListesi;
				PRODUCT_NAME = "$(TARGET_NAME)";
				SWIFT_EMIT_LOC_STRINGS = YES;
				SWIFT_VERSION = 5.0;
				TARGETED_DEVICE_FAMILY = "1,2";
			};
			name = Debug;
		};
		EC2CCD7027C9921600E559DE /* Release */ = {
			isa = XCBuildConfiguration;
			buildSettings = {
				ASSETCATALOG_COMPILER_APPICON_NAME = AppIcon;
				ASSETCATALOG_COMPILER_GLOBAL_ACCENT_COLOR_NAME = AccentColor;
				CODE_SIGN_STYLE = Automatic;
				CURRENT_PROJECT_VERSION = 1;
				DEVELOPMENT_TEAM = 3KRQW7JR73;
				GENERATE_INFOPLIST_FILE = YES;
				INFOPLIST_FILE = AlisverisListesi/Info.plist;
				INFOPLIST_KEY_UIApplicationSupportsIndirectInputEvents = YES;
				INFOPLIST_KEY_UILaunchStoryboardName = LaunchScreen;
				INFOPLIST_KEY_UIMainStoryboardFile = Main;
				INFOPLIST_KEY_UISupportedInterfaceOrientations_iPad = "UIInterfaceOrientationPortrait UIInterfaceOrientationPortraitUpsideDown UIInterfaceOrientationLandscapeLeft UIInterfaceOrientationLandscapeRight";
				INFOPLIST_KEY_UISupportedInterfaceOrientations_iPhone = "UIInterfaceOrientationPortrait UIInterfaceOrientationLandscapeLeft UIInterfaceOrientationLandscapeRight";
				LD_RUNPATH_SEARCH_PATHS = (
					"$(inherited)",
					"@executable_path/Frameworks",
				);
				MARKETING_VERSION = 1.0;
				PRODUCT_BUNDLE_IDENTIFIER = enes.AlisverisListesi;
				PRODUCT_NAME = "$(TARGET_NAME)";
				SWIFT_EMIT_LOC_STRINGS = YES;
				SWIFT_VERSION = 5.0;
				TARGETED_DEVICE_FAMILY = "1,2";
			};
			name = Release;
		};
/* End XCBuildConfiguration section */

/* Begin XCConfigurationList section */
		EC2CCD5227C9921400E559DE /* Build configuration list for PBXProject "AlisverisListesi" */ = {
			isa = XCConfigurationList;
			buildConfigurations = (
				EC2CCD6C27C9921600E559DE /* Debug */,
				EC2CCD6D27C9921600E559DE /* Release */,
			);
			defaultConfigurationIsVisible = 0;
			defaultConfigurationName = Release;
		};
		EC2CCD6E27C9921600E559DE /* Build configuration list for PBXNativeTarget "AlisverisListesi" */ = {
			isa = XCConfigurationList;
			buildConfigurations = (
				EC2CCD6F27C9921600E559DE /* Debug */,
				EC2CCD7027C9921600E559DE /* Release */,
			);
			defaultConfigurationIsVisible = 0;
			defaultConfigurationName = Release;
		};
/* End XCConfigurationList section */

/* Begin XCVersionGroup section */
		EC2CCD6327C9921400E559DE /* AlisverisListesi.xcdatamodeld */ = {
			isa = XCVersionGroup;
			children = (
				EC2CCD6427C9921400E559DE /* AlisverisListesi.xcdatamodel */,
			);
			currentVersion = EC2CCD6427C9921400E559DE /* AlisverisListesi.xcdatamodel */;
			path = AlisverisListesi.xcdatamodeld;
			sourceTree = "<group>";
			versionGroupType = wrapper.xcdatamodel;
		};
/* End XCVersionGroup section */
	};
	rootObject = EC2CCD4F27C9921400E559DE /* Project object */;
}
